// !$*UTF8*$!
{
	archiveVersion = 1;
	classes = {
	};
	objectVersion = 50;
	objects = {

/* Begin PBXBuildFile section */
		553456F63521E402EE0FC4E5 /* libPods-DesignPatternsTests.a in Frameworks */ = {isa = PBXBuildFile; fileRef = 2E1E018E78D0FC3530939FB4 /* libPods-DesignPatternsTests.a */; };
		B9C2FE13C2F60B65BD5C0C51 /* libPods-DesignPatterns.a in Frameworks */ = {isa = PBXBuildFile; fileRef = 4E1C9D8E48A4B878655F16D1 /* libPods-DesignPatterns.a */; };
		BEE0F1CF2154577C007E9FBB /* AppDelegate.m in Sources */ = {isa = PBXBuildFile; fileRef = BEE0F1CE2154577C007E9FBB /* AppDelegate.m */; };
		BEE0F1D22154577C007E9FBB /* ViewController.m in Sources */ = {isa = PBXBuildFile; fileRef = BEE0F1D12154577C007E9FBB /* ViewController.m */; };
		BEE0F1D52154577C007E9FBB /* Main.storyboard in Resources */ = {isa = PBXBuildFile; fileRef = BEE0F1D32154577C007E9FBB /* Main.storyboard */; };
		BEE0F1D82154577C007E9FBB /* DesignPatterns.xcdatamodeld in Sources */ = {isa = PBXBuildFile; fileRef = BEE0F1D62154577C007E9FBB /* DesignPatterns.xcdatamodeld */; };
		BEE0F1DA2154577E007E9FBB /* Assets.xcassets in Resources */ = {isa = PBXBuildFile; fileRef = BEE0F1D92154577E007E9FBB /* Assets.xcassets */; };
		BEE0F1DD2154577E007E9FBB /* LaunchScreen.storyboard in Resources */ = {isa = PBXBuildFile; fileRef = BEE0F1DB2154577E007E9FBB /* LaunchScreen.storyboard */; };
		BEE0F1E02154577E007E9FBB /* main.m in Sources */ = {isa = PBXBuildFile; fileRef = BEE0F1DF2154577E007E9FBB /* main.m */; };
		BEE0F1EA2154577E007E9FBB /* DesignPatternsTests.m in Sources */ = {isa = PBXBuildFile; fileRef = BEE0F1E92154577E007E9FBB /* DesignPatternsTests.m */; };
/* End PBXBuildFile section */

/* Begin PBXContainerItemProxy section */
		BEE0F1E62154577E007E9FBB /* PBXContainerItemProxy */ = {
			isa = PBXContainerItemProxy;
			containerPortal = BEE0F1C22154577C007E9FBB /* Project object */;
			proxyType = 1;
			remoteGlobalIDString = BEE0F1C92154577C007E9FBB;
			remoteInfo = DesignPatterns;
		};
/* End PBXContainerItemProxy section */

/* Begin PBXFileReference section */
		2E1E018E78D0FC3530939FB4 /* libPods-DesignPatternsTests.a */ = {isa = PBXFileReference; explicitFileType = archive.ar; includeInIndex = 0; path = "libPods-DesignPatternsTests.a"; sourceTree = BUILT_PRODUCTS_DIR; };
		3185129253D15DE89603F985 /* Pods-DesignPatterns.release.xcconfig */ = {isa = PBXFileReference; includeInIndex = 1; lastKnownFileType = text.xcconfig; name = "Pods-DesignPatterns.release.xcconfig"; path = "Pods/Target Support Files/Pods-DesignPatterns/Pods-DesignPatterns.release.xcconfig"; sourceTree = "<group>"; };
		3917D665F06176565305E110 /* Pods-DesignPatternsTests.release.xcconfig */ = {isa = PBXFileReference; includeInIndex = 1; lastKnownFileType = text.xcconfig; name = "Pods-DesignPatternsTests.release.xcconfig"; path = "Pods/Target Support Files/Pods-DesignPatternsTests/Pods-DesignPatternsTests.release.xcconfig"; sourceTree = "<group>"; };
		4E1C9D8E48A4B878655F16D1 /* libPods-DesignPatterns.a */ = {isa = PBXFileReference; explicitFileType = archive.ar; includeInIndex = 0; path = "libPods-DesignPatterns.a"; sourceTree = BUILT_PRODUCTS_DIR; };
		94CF75780638D747EF3B7B99 /* Pods-DesignPatternsTests.debug.xcconfig */ = {isa = PBXFileReference; includeInIndex = 1; lastKnownFileType = text.xcconfig; name = "Pods-DesignPatternsTests.debug.xcconfig"; path = "Pods/Target Support Files/Pods-DesignPatternsTests/Pods-DesignPatternsTests.debug.xcconfig"; sourceTree = "<group>"; };
		BEE0F1CA2154577C007E9FBB /* DesignPatterns.app */ = {isa = PBXFileReference; explicitFileType = wrapper.application; includeInIndex = 0; path = DesignPatterns.app; sourceTree = BUILT_PRODUCTS_DIR; };
		BEE0F1CD2154577C007E9FBB /* AppDelegate.h */ = {isa = PBXFileReference; lastKnownFileType = sourcecode.c.h; path = AppDelegate.h; sourceTree = "<group>"; };
		BEE0F1CE2154577C007E9FBB /* AppDelegate.m */ = {isa = PBXFileReference; lastKnownFileType = sourcecode.c.objc; path = AppDelegate.m; sourceTree = "<group>"; };
		BEE0F1D02154577C007E9FBB /* ViewController.h */ = {isa = PBXFileReference; lastKnownFileType = sourcecode.c.h; path = ViewController.h; sourceTree = "<group>"; };
		BEE0F1D12154577C007E9FBB /* ViewController.m */ = {isa = PBXFileReference; lastKnownFileType = sourcecode.c.objc; path = ViewController.m; sourceTree = "<group>"; };
		BEE0F1D42154577C007E9FBB /* Base */ = {isa = PBXFileReference; lastKnownFileType = file.storyboard; name = Base; path = Base.lproj/Main.storyboard; sourceTree = "<group>"; };
		BEE0F1D72154577C007E9FBB /* DesignPatterns.xcdatamodel */ = {isa = PBXFileReference; lastKnownFileType = wrapper.xcdatamodel; path = DesignPatterns.xcdatamodel; sourceTree = "<group>"; };
		BEE0F1D92154577E007E9FBB /* Assets.xcassets */ = {isa = PBXFileReference; lastKnownFileType = folder.assetcatalog; path = Assets.xcassets; sourceTree = "<group>"; };
		BEE0F1DC2154577E007E9FBB /* Base */ = {isa = PBXFileReference; lastKnownFileType = file.storyboard; name = Base; path = Base.lproj/LaunchScreen.storyboard; sourceTree = "<group>"; };
		BEE0F1DE2154577E007E9FBB /* Info.plist */ = {isa = PBXFileReference; lastKnownFileType = text.plist.xml; path = Info.plist; sourceTree = "<group>"; };
		BEE0F1DF2154577E007E9FBB /* main.m */ = {isa = PBXFileReference; lastKnownFileType = sourcecode.c.objc; path = main.m; sourceTree = "<group>"; };
		BEE0F1E52154577E007E9FBB /* DesignPatternsTests.xctest */ = {isa = PBXFileReference; explicitFileType = wrapper.cfbundle; includeInIndex = 0; path = DesignPatternsTests.xctest; sourceTree = BUILT_PRODUCTS_DIR; };
		BEE0F1E92154577E007E9FBB /* DesignPatternsTests.m */ = {isa = PBXFileReference; lastKnownFileType = sourcecode.c.objc; path = DesignPatternsTests.m; sourceTree = "<group>"; };
		BEE0F1EB2154577E007E9FBB /* Info.plist */ = {isa = PBXFileReference; lastKnownFileType = text.plist.xml; path = Info.plist; sourceTree = "<group>"; };
		F5722201F02167F87F462DEC /* Pods-DesignPatterns.debug.xcconfig */ = {isa = PBXFileReference; includeInIndex = 1; lastKnownFileType = text.xcconfig; name = "Pods-DesignPatterns.debug.xcconfig"; path = "Pods/Target Support Files/Pods-DesignPatterns/Pods-DesignPatterns.debug.xcconfig"; sourceTree = "<group>"; };
/* End PBXFileReference section */

/* Begin PBXFrameworksBuildPhase section */
		BEE0F1C72154577C007E9FBB /* Frameworks */ = {
			isa = PBXFrameworksBuildPhase;
			buildActionMask = 2147483647;
			files = (
				B9C2FE13C2F60B65BD5C0C51 /* libPods-DesignPatterns.a in Frameworks */,
			);
			runOnlyForDeploymentPostprocessing = 0;
		};
		BEE0F1E22154577E007E9FBB /* Frameworks */ = {
			isa = PBXFrameworksBuildPhase;
			buildActionMask = 2147483647;
			files = (
				553456F63521E402EE0FC4E5 /* libPods-DesignPatternsTests.a in Frameworks */,
			);
			runOnlyForDeploymentPostprocessing = 0;
		};
/* End PBXFrameworksBuildPhase section */

/* Begin PBXGroup section */
		BEE0F1C12154577C007E9FBB = {
			isa = PBXGroup;
			children = (
				BEE0F1CC2154577C007E9FBB /* DesignPatterns */,
				BEE0F1E82154577E007E9FBB /* DesignPatternsTests */,
				BEE0F1CB2154577C007E9FBB /* Products */,
				FAA0B26248E63CE010CB2049 /* Pods */,
				EC2E3A338877E098D9BFBEBF /* Frameworks */,
			);
			sourceTree = "<group>";
		};
		BEE0F1CB2154577C007E9FBB /* Products */ = {
			isa = PBXGroup;
			children = (
				BEE0F1CA2154577C007E9FBB /* DesignPatterns.app */,
				BEE0F1E52154577E007E9FBB /* DesignPatternsTests.xctest */,
			);
			name = Products;
			sourceTree = "<group>";
		};
		BEE0F1CC2154577C007E9FBB /* DesignPatterns */ = {
			isa = PBXGroup;
			children = (
				BEE0F1CD2154577C007E9FBB /* AppDelegate.h */,
				BEE0F1CE2154577C007E9FBB /* AppDelegate.m */,
				BEE0F1D02154577C007E9FBB /* ViewController.h */,
				BEE0F1D12154577C007E9FBB /* ViewController.m */,
				BEE0F1D32154577C007E9FBB /* Main.storyboard */,
				BEE0F1D92154577E007E9FBB /* Assets.xcassets */,
				BEE0F1DB2154577E007E9FBB /* LaunchScreen.storyboard */,
				BEE0F1DE2154577E007E9FBB /* Info.plist */,
				BEE0F1DF2154577E007E9FBB /* main.m */,
				BEE0F1D62154577C007E9FBB /* DesignPatterns.xcdatamodeld */,
			);
			path = DesignPatterns;
			sourceTree = "<group>";
		};
		BEE0F1E82154577E007E9FBB /* DesignPatternsTests */ = {
			isa = PBXGroup;
			children = (
				BEE0F1E92154577E007E9FBB /* DesignPatternsTests.m */,
				BEE0F1EB2154577E007E9FBB /* Info.plist */,
			);
			path = DesignPatternsTests;
			sourceTree = "<group>";
		};
		EC2E3A338877E098D9BFBEBF /* Frameworks */ = {
			isa = PBXGroup;
			children = (
				4E1C9D8E48A4B878655F16D1 /* libPods-DesignPatterns.a */,
				2E1E018E78D0FC3530939FB4 /* libPods-DesignPatternsTests.a */,
			);
			name = Frameworks;
			sourceTree = "<group>";
		};
		FAA0B26248E63CE010CB2049 /* Pods */ = {
			isa = PBXGroup;
			children = (
				F5722201F02167F87F462DEC /* Pods-DesignPatterns.debug.xcconfig */,
				3185129253D15DE89603F985 /* Pods-DesignPatterns.release.xcconfig */,
				94CF75780638D747EF3B7B99 /* Pods-DesignPatternsTests.debug.xcconfig */,
				3917D665F06176565305E110 /* Pods-DesignPatternsTests.release.xcconfig */,
			);
			name = Pods;
			sourceTree = "<group>";
		};
/* End PBXGroup section */

/* Begin PBXNativeTarget section */
		BEE0F1C92154577C007E9FBB /* DesignPatterns */ = {
			isa = PBXNativeTarget;
			buildConfigurationList = BEE0F1EE2154577E007E9FBB /* Build configuration list for PBXNativeTarget "DesignPatterns" */;
			buildPhases = (
				19A5730ED1DDD66DB582D98A /* [CP] Check Pods Manifest.lock */,
				BEE0F1C62154577C007E9FBB /* Sources */,
				BEE0F1C72154577C007E9FBB /* Frameworks */,
				BEE0F1C82154577C007E9FBB /* Resources */,
			);
			buildRules = (
			);
			dependencies = (
			);
			name = DesignPatterns;
			productName = DesignPatterns;
			productReference = BEE0F1CA2154577C007E9FBB /* DesignPatterns.app */;
			productType = "com.apple.product-type.application";
		};
		BEE0F1E42154577E007E9FBB /* DesignPatternsTests */ = {
			isa = PBXNativeTarget;
			buildConfigurationList = BEE0F1F12154577E007E9FBB /* Build configuration list for PBXNativeTarget "DesignPatternsTests" */;
			buildPhases = (
				6322789E70E84B9968BCF311 /* [CP] Check Pods Manifest.lock */,
				BEE0F1E12154577E007E9FBB /* Sources */,
				BEE0F1E22154577E007E9FBB /* Frameworks */,
				BEE0F1E32154577E007E9FBB /* Resources */,
			);
			buildRules = (
			);
			dependencies = (
				BEE0F1E72154577E007E9FBB /* PBXTargetDependency */,
			);
			name = DesignPatternsTests;
			productName = DesignPatternsTests;
			productReference = BEE0F1E52154577E007E9FBB /* DesignPatternsTests.xctest */;
			productType = "com.apple.product-type.bundle.unit-test";
		};
/* End PBXNativeTarget section */

/* Begin PBXProject section */
		BEE0F1C22154577C007E9FBB /* Project object */ = {
			isa = PBXProject;
			attributes = {
				LastUpgradeCheck = 1000;
				ORGANIZATIONNAME = com.codeinobjc;
				TargetAttributes = {
					BEE0F1C92154577C007E9FBB = {
						CreatedOnToolsVersion = 10.0;
					};
					BEE0F1E42154577E007E9FBB = {
						CreatedOnToolsVersion = 10.0;
						TestTargetID = BEE0F1C92154577C007E9FBB;
					};
				};
			};
			buildConfigurationList = BEE0F1C52154577C007E9FBB /* Build configuration list for PBXProject "DesignPatterns" */;
			compatibilityVersion = "Xcode 9.3";
			developmentRegion = en;
			hasScannedForEncodings = 0;
			knownRegions = (
				en,
				Base,
			);
			mainGroup = BEE0F1C12154577C007E9FBB;
			productRefGroup = BEE0F1CB2154577C007E9FBB /* Products */;
			projectDirPath = "";
			projectRoot = "";
			targets = (
				BEE0F1C92154577C007E9FBB /* DesignPatterns */,
				BEE0F1E42154577E007E9FBB /* DesignPatternsTests */,
			);
		};
/* End PBXProject section */

/* Begin PBXResourcesBuildPhase section */
		BEE0F1C82154577C007E9FBB /* Resources */ = {
			isa = PBXResourcesBuildPhase;
			buildActionMask = 2147483647;
			files = (
				BEE0F1DD2154577E007E9FBB /* LaunchScreen.storyboard in Resources */,
				BEE0F1DA2154577E007E9FBB /* Assets.xcassets in Resources */,
				BEE0F1D52154577C007E9FBB /* Main.storyboard in Resources */,
			);
			runOnlyForDeploymentPostprocessing = 0;
		};
		BEE0F1E32154577E007E9FBB /* Resources */ = {
			isa = PBXResourcesBuildPhase;
			buildActionMask = 2147483647;
			files = (
			);
			runOnlyForDeploymentPostprocessing = 0;
		};
/* End PBXResourcesBuildPhase section */

/* Begin PBXShellScriptBuildPhase section */
		19A5730ED1DDD66DB582D98A /* [CP] Check Pods Manifest.lock */ = {
			isa = PBXShellScriptBuildPhase;
			buildActionMask = 2147483647;
			files = (
			);
			inputPaths = (
				"${PODS_PODFILE_DIR_PATH}/Podfile.lock",
				"${PODS_ROOT}/Manifest.lock",
			);
			name = "[CP] Check Pods Manifest.lock";
			outputPaths = (
				"$(DERIVED_FILE_DIR)/Pods-DesignPatterns-checkManifestLockResult.txt",
			);
			runOnlyForDeploymentPostprocessing = 0;
			shellPath = /bin/sh;
			shellScript = "diff \"${PODS_PODFILE_DIR_PATH}/Podfile.lock\" \"${PODS_ROOT}/Manifest.lock\" > /dev/null\nif [ $? != 0 ] ; then\n    # print error to STDERR\n    echo \"error: The sandbox is not in sync with the Podfile.lock. Run 'pod install' or update your CocoaPods installation.\" >&2\n    exit 1\nfi\n# This output is used by Xcode 'outputs' to avoid re-running this script phase.\necho \"SUCCESS\" > \"${SCRIPT_OUTPUT_FILE_0}\"\n";
			showEnvVarsInLog = 0;
		};
		6322789E70E84B9968BCF311 /* [CP] Check Pods Manifest.lock */ = {
			isa = PBXShellScriptBuildPhase;
			buildActionMask = 2147483647;
			files = (
			);
			inputPaths = (
				"${PODS_PODFILE_DIR_PATH}/Podfile.lock",
				"${PODS_ROOT}/Manifest.lock",
			);
			name = "[CP] Check Pods Manifest.lock";
			outputPaths = (
				"$(DERIVED_FILE_DIR)/Pods-DesignPatternsTests-checkManifestLockResult.txt",
			);
			runOnlyForDeploymentPostprocessing = 0;
			shellPath = /bin/sh;
			shellScript = "diff \"${PODS_PODFILE_DIR_PATH}/Podfile.lock\" \"${PODS_ROOT}/Manifest.lock\" > /dev/null\nif [ $? != 0 ] ; then\n    # print error to STDERR\n    echo \"error: The sandbox is not in sync with the Podfile.lock. Run 'pod install' or update your CocoaPods installation.\" >&2\n    exit 1\nfi\n# This output is used by Xcode 'outputs' to avoid re-running this script phase.\necho \"SUCCESS\" > \"${SCRIPT_OUTPUT_FILE_0}\"\n";
			showEnvVarsInLog = 0;
		};
/* End PBXShellScriptBuildPhase section */

/* Begin PBXSourcesBuildPhase section */
		BEE0F1C62154577C007E9FBB /* Sources */ = {
			isa = PBXSourcesBuildPhase;
			buildActionMask = 2147483647;
			files = (
				BEE0F1D22154577C007E9FBB /* ViewController.m in Sources */,
				BEE0F1D82154577C007E9FBB /* DesignPatterns.xcdatamodeld in Sources */,
				BEE0F1E02154577E007E9FBB /* main.m in Sources */,
				BEE0F1CF2154577C007E9FBB /* AppDelegate.m in Sources */,
			);
			runOnlyForDeploymentPostprocessing = 0;
		};
		BEE0F1E12154577E007E9FBB /* Sources */ = {
			isa = PBXSourcesBuildPhase;
			buildActionMask = 2147483647;
			files = (
				BEE0F1EA2154577E007E9FBB /* DesignPatternsTests.m in Sources */,
			);
			runOnlyForDeploymentPostprocessing = 0;
		};
/* End PBXSourcesBuildPhase section */

/* Begin PBXTargetDependency section */
		BEE0F1E72154577E007E9FBB /* PBXTargetDependency */ = {
			isa = PBXTargetDependency;
			target = BEE0F1C92154577C007E9FBB /* DesignPatterns */;
			targetProxy = BEE0F1E62154577E007E9FBB /* PBXContainerItemProxy */;
		};
/* End PBXTargetDependency section */

/* Begin PBXVariantGroup section */
		BEE0F1D32154577C007E9FBB /* Main.storyboard */ = {
			isa = PBXVariantGroup;
			children = (
				BEE0F1D42154577C007E9FBB /* Base */,
			);
			name = Main.storyboard;
			sourceTree = "<group>";
		};
		BEE0F1DB2154577E007E9FBB /* LaunchScreen.storyboard */ = {
			isa = PBXVariantGroup;
			children = (
				BEE0F1DC2154577E007E9FBB /* Base */,
			);
			name = LaunchScreen.storyboard;
			sourceTree = "<group>";
		};
/* End PBXVariantGroup section */

/* Begin XCBuildConfiguration section */
		BEE0F1EC2154577E007E9FBB /* Debug */ = {
			isa = XCBuildConfiguration;
			buildSettings = {
				ALWAYS_SEARCH_USER_PATHS = NO;
				CLANG_ANALYZER_NONNULL = YES;
				CLANG_ANALYZER_NUMBER_OBJECT_CONVERSION = YES_AGGRESSIVE;
				CLANG_CXX_LANGUAGE_STANDARD = "gnu++14";
				CLANG_CXX_LIBRARY = "libc++";
				CLANG_ENABLE_MODULES = YES;
				CLANG_ENABLE_OBJC_ARC = YES;
				CLANG_ENABLE_OBJC_WEAK = YES;
				CLANG_WARN_BLOCK_CAPTURE_AUTORELEASING = YES;
				CLANG_WARN_BOOL_CONVERSION = YES;
				CLANG_WARN_COMMA = YES;
				CLANG_WARN_CONSTANT_CONVERSION = YES;
				CLANG_WARN_DEPRECATED_OBJC_IMPLEMENTATIONS = YES;
				CLANG_WARN_DIRECT_OBJC_ISA_USAGE = YES_ERROR;
				CLANG_WARN_DOCUMENTATION_COMMENTS = YES;
				CLANG_WARN_EMPTY_BODY = YES;
				CLANG_WARN_ENUM_CONVERSION = YES;
				CLANG_WARN_INFINITE_RECURSION = YES;
				CLANG_WARN_INT_CONVERSION = YES;
				CLANG_WARN_NON_LITERAL_NULL_CONVERSION = YES;
				CLANG_WARN_OBJC_IMPLICIT_RETAIN_SELF = YES;
				CLANG_WARN_OBJC_LITERAL_CONVERSION = YES;
				CLANG_WARN_OBJC_ROOT_CLASS = YES_ERROR;
				CLANG_WARN_RANGE_LOOP_ANALYSIS = YES;
				CLANG_WARN_STRICT_PROTOTYPES = YES;
				CLANG_WARN_SUSPICIOUS_MOVE = YES;
				CLANG_WARN_UNGUARDED_AVAILABILITY = YES_AGGRESSIVE;
				CLANG_WARN_UNREACHABLE_CODE = YES;
				CLANG_WARN__DUPLICATE_METHOD_MATCH = YES;
				CODE_SIGN_IDENTITY = "iPhone Developer";
				COPY_PHASE_STRIP = NO;
				DEBUG_INFORMATION_FORMAT = dwarf;
				ENABLE_STRICT_OBJC_MSGSEND = YES;
				ENABLE_TESTABILITY = YES;
				GCC_C_LANGUAGE_STANDARD = gnu11;
				GCC_DYNAMIC_NO_PIC = NO;
				GCC_NO_COMMON_BLOCKS = YES;
				GCC_OPTIMIZATION_LEVEL = 0;
				GCC_PREPROCESSOR_DEFINITIONS = (
					"DEBUG=1",
					"$(inherited)",
				);
				GCC_WARN_64_TO_32_BIT_CONVERSION = YES;
				GCC_WARN_ABOUT_RETURN_TYPE = YES_ERROR;
				GCC_WARN_UNDECLARED_SELECTOR = YES;
				GCC_WARN_UNINITIALIZED_AUTOS = YES_AGGRESSIVE;
				GCC_WARN_UNUSED_FUNCTION = YES;
				GCC_WARN_UNUSED_VARIABLE = YES;
				IPHONEOS_DEPLOYMENT_TARGET = 12.0;
				MTL_ENABLE_DEBUG_INFO = INCLUDE_SOURCE;
				MTL_FAST_MATH = YES;
				ONLY_ACTIVE_ARCH = YES;
				SDKROOT = iphoneos;
			};
			name = Debug;
		};
		BEE0F1ED2154577E007E9FBB /* Release */ = {
			isa = XCBuildConfiguration;
			buildSettings = {
				ALWAYS_SEARCH_USER_PATHS = NO;
				CLANG_ANALYZER_NONNULL = YES;
				CLANG_ANALYZER_NUMBER_OBJECT_CONVERSION = YES_AGGRESSIVE;
				CLANG_CXX_LANGUAGE_STANDARD = "gnu++14";
				CLANG_CXX_LIBRARY = "libc++";
				CLANG_ENABLE_MODULES = YES;
				CLANG_ENABLE_OBJC_ARC = YES;
				CLANG_ENABLE_OBJC_WEAK = YES;
				CLANG_WARN_BLOCK_CAPTURE_AUTORELEASING = YES;
				CLANG_WARN_BOOL_CONVERSION = YES;
				CLANG_WARN_COMMA = YES;
				CLANG_WARN_CONSTANT_CONVERSION = YES;
				CLANG_WARN_DEPRECATED_OBJC_IMPLEMENTATIONS = YES;
				CLANG_WARN_DIRECT_OBJC_ISA_USAGE = YES_ERROR;
				CLANG_WARN_DOCUMENTATION_COMMENTS = YES;
				CLANG_WARN_EMPTY_BODY = YES;
				CLANG_WARN_ENUM_CONVERSION = YES;
				CLANG_WARN_INFINITE_RECURSION = YES;
				CLANG_WARN_INT_CONVERSION = YES;
				CLANG_WARN_NON_LITERAL_NULL_CONVERSION = YES;
				CLANG_WARN_OBJC_IMPLICIT_RETAIN_SELF = YES;
				CLANG_WARN_OBJC_LITERAL_CONVERSION = YES;
				CLANG_WARN_OBJC_ROOT_CLASS = YES_ERROR;
				CLANG_WARN_RANGE_LOOP_ANALYSIS = YES;
				CLANG_WARN_STRICT_PROTOTYPES = YES;
				CLANG_WARN_SUSPICIOUS_MOVE = YES;
				CLANG_WARN_UNGUARDED_AVAILABILITY = YES_AGGRESSIVE;
				CLANG_WARN_UNREACHABLE_CODE = YES;
				CLANG_WARN__DUPLICATE_METHOD_MATCH = YES;
				CODE_SIGN_IDENTITY = "iPhone Developer";
				COPY_PHASE_STRIP = NO;
				DEBUG_INFORMATION_FORMAT = "dwarf-with-dsym";
				ENABLE_NS_ASSERTIONS = NO;
				ENABLE_STRICT_OBJC_MSGSEND = YES;
				GCC_C_LANGUAGE_STANDARD = gnu11;
				GCC_NO_COMMON_BLOCKS = YES;
				GCC_WARN_64_TO_32_BIT_CONVERSION = YES;
				GCC_WARN_ABOUT_RETURN_TYPE = YES_ERROR;
				GCC_WARN_UNDECLARED_SELECTOR = YES;
				GCC_WARN_UNINITIALIZED_AUTOS = YES_AGGRESSIVE;
				GCC_WARN_UNUSED_FUNCTION = YES;
				GCC_WARN_UNUSED_VARIABLE = YES;
				IPHONEOS_DEPLOYMENT_TARGET = 12.0;
				MTL_ENABLE_DEBUG_INFO = NO;
				MTL_FAST_MATH = YES;
				SDKROOT = iphoneos;
				VALIDATE_PRODUCT = YES;
			};
			name = Release;
		};
		BEE0F1EF2154577E007E9FBB /* Debug */ = {
			isa = XCBuildConfiguration;
			baseConfigurationReference = F5722201F02167F87F462DEC /* Pods-DesignPatterns.debug.xcconfig */;
			buildSettings = {
				ASSETCATALOG_COMPILER_APPICON_NAME = AppIcon;
				CODE_SIGN_STYLE = Automatic;
				DEVELOPMENT_TEAM = 672A4UZS4G;
				INFOPLIST_FILE = DesignPatterns/Info.plist;
				LD_RUNPATH_SEARCH_PATHS = (
					"$(inherited)",
					"@executable_path/Frameworks",
				);
				PRODUCT_BUNDLE_IDENTIFIER = CO.DesignPatterns;
				PRODUCT_NAME = "$(TARGET_NAME)";
				TARGETED_DEVICE_FAMILY = "1,2";
			};
			name = Debug;
		};
		BEE0F1F02154577E007E9FBB /* Release */ = {
			isa = XCBuildConfiguration;
			baseConfigurationReference = 3185129253D15DE89603F985 /* Pods-DesignPatterns.release.xcconfig */;
			buildSettings = {
				ASSETCATALOG_COMPILER_APPICON_NAME = AppIcon;
				CODE_SIGN_STYLE = Automatic;
				DEVELOPMENT_TEAM = 672A4UZS4G;
				INFOPLIST_FILE = DesignPatterns/Info.plist;
				LD_RUNPATH_SEARCH_PATHS = (
					"$(inherited)",
					"@executable_path/Frameworks",
				);
				PRODUCT_BUNDLE_IDENTIFIER = CO.DesignPatterns;
				PRODUCT_NAME = "$(TARGET_NAME)";
				TARGETED_DEVICE_FAMILY = "1,2";
			};
			name = Release;
		};
		BEE0F1F22154577E007E9FBB /* Debug */ = {
			isa = XCBuildConfiguration;
			baseConfigurationReference = 94CF75780638D747EF3B7B99 /* Pods-DesignPatternsTests.debug.xcconfig */;
			buildSettings = {
				BUNDLE_LOADER = "$(TEST_HOST)";
				CODE_SIGN_STYLE = Automatic;
				DEVELOPMENT_TEAM = 672A4UZS4G;
				INFOPLIST_FILE = DesignPatternsTests/Info.plist;
				LD_RUNPATH_SEARCH_PATHS = (
					"$(inherited)",
					"@executable_path/Frameworks",
					"@loader_path/Frameworks",
				);
				PRODUCT_BUNDLE_IDENTIFIER = CO.DesignPatternsTests;
				PRODUCT_NAME = "$(TARGET_NAME)";
				TARGETED_DEVICE_FAMILY = "1,2";
				TEST_HOST = "$(BUILT_PRODUCTS_DIR)/DesignPatterns.app/DesignPatterns";
			};
			name = Debug;
		};
		BEE0F1F32154577E007E9FBB /* Release */ = {
			isa = XCBuildConfiguration;
			baseConfigurationReference = 3917D665F06176565305E110 /* Pods-DesignPatternsTests.release.xcconfig */;
			buildSettings = {
				BUNDLE_LOADER = "$(TEST_HOST)";
				CODE_SIGN_STYLE = Automatic;
				DEVELOPMENT_TEAM = 672A4UZS4G;
				INFOPLIST_FILE = DesignPatternsTests/Info.plist;
				LD_RUNPATH_SEARCH_PATHS = (
					"$(inherited)",
					"@executable_path/Frameworks",
					"@loader_path/Frameworks",
				);
				PRODUCT_BUNDLE_IDENTIFIER = CO.DesignPatternsTests;
				PRODUCT_NAME = "$(TARGET_NAME)";
				TARGETED_DEVICE_FAMILY = "1,2";
				TEST_HOST = "$(BUILT_PRODUCTS_DIR)/DesignPatterns.app/DesignPatterns";
			};
			name = Release;
		};
/* End XCBuildConfiguration section */

/* Begin XCConfigurationList section */
		BEE0F1C52154577C007E9FBB /* Build configuration list for PBXProject "DesignPatterns" */ = {
			isa = XCConfigurationList;
			buildConfigurations = (
				BEE0F1EC2154577E007E9FBB /* Debug */,
				BEE0F1ED2154577E007E9FBB /* Release */,
			);
			defaultConfigurationIsVisible = 0;
			defaultConfigurationName = Release;
		};
		BEE0F1EE2154577E007E9FBB /* Build configuration list for PBXNativeTarget "DesignPatterns" */ = {
			isa = XCConfigurationList;
			buildConfigurations = (
				BEE0F1EF2154577E007E9FBB /* Debug */,
				BEE0F1F02154577E007E9FBB /* Release */,
			);
			defaultConfigurationIsVisible = 0;
			defaultConfigurationName = Release;
		};
		BEE0F1F12154577E007E9FBB /* Build configuration list for PBXNativeTarget "DesignPatternsTests" */ = {
			isa = XCConfigurationList;
			buildConfigurations = (
				BEE0F1F22154577E007E9FBB /* Debug */,
				BEE0F1F32154577E007E9FBB /* Release */,
			);
			defaultConfigurationIsVisible = 0;
			defaultConfigurationName = Release;
		};
/* End XCConfigurationList section */

/* Begin XCVersionGroup section */
		BEE0F1D62154577C007E9FBB /* DesignPatterns.xcdatamodeld */ = {
			isa = XCVersionGroup;
			children = (
				BEE0F1D72154577C007E9FBB /* DesignPatterns.xcdatamodel */,
			);
			currentVersion = BEE0F1D72154577C007E9FBB /* DesignPatterns.xcdatamodel */;
			path = DesignPatterns.xcdatamodeld;
			sourceTree = "<group>";
			versionGroupType = wrapper.xcdatamodel;
		};
/* End XCVersionGroup section */
	};
	rootObject = BEE0F1C22154577C007E9FBB /* Project object */;
}
